version: 1.0
shards:
  db:
    github: crystal-lang/crystal-db
    version: 0.9.0

  discordcr:
    github: discordcr/discordcr
    commit: 936869afd3f3be4b0606d5fd51f4489d46ce58a4

  dotenv:
    github: gdotdesign/cr-dotenv
    version: 0.7.0

  magickwand-crystal:
    github: blocknotes/magickwand-crystal
    version: 0.3.0

  sqlite3:
    github: crystal-lang/crystal-sqlite3
    version: 0.16.0

